// !$*UTF8*$!
{
	archiveVersion = 1;
	classes = {
	};
	objectVersion = 55;
	objects = {

/* Begin PBXBuildFile section */
		C5BB86B828ACD06A004A00CD /* BabyTriageApp.swift in Sources */ = {isa = PBXBuildFile; fileRef = C5BB86B728ACD06A004A00CD /* BabyTriageApp.swift */; };
		C5BB86BA28ACD06A004A00CD /* ContentView.swift in Sources */ = {isa = PBXBuildFile; fileRef = C5BB86B928ACD06A004A00CD /* ContentView.swift */; };
		C5BB86BC28ACD06C004A00CD /* Assets.xcassets in Resources */ = {isa = PBXBuildFile; fileRef = C5BB86BB28ACD06C004A00CD /* Assets.xcassets */; };
		C5BB86BF28ACD06C004A00CD /* Preview Assets.xcassets in Resources */ = {isa = PBXBuildFile; fileRef = C5BB86BE28ACD06C004A00CD /* Preview Assets.xcassets */; };
		C5BB86CA28ACD1C8004A00CD /* ImagePicker.swift in Sources */ = {isa = PBXBuildFile; fileRef = C5BB86C928ACD1C8004A00CD /* ImagePicker.swift */; };
		C5BB86CC28ACD22D004A00CD /* ZoomableScrollView.swift in Sources */ = {isa = PBXBuildFile; fileRef = C5BB86CB28ACD22D004A00CD /* ZoomableScrollView.swift */; };
		C5BB86CE28ACD2ED004A00CD /* Picker.swift in Sources */ = {isa = PBXBuildFile; fileRef = C5BB86CD28ACD2ED004A00CD /* Picker.swift */; };
		C5BB86D028ACD3A7004A00CD /* ViewModel.swift in Sources */ = {isa = PBXBuildFile; fileRef = C5BB86CF28ACD3A7004A00CD /* ViewModel.swift */; };
		C5BB86D228ACD8C1004A00CD /* UIImage+Extension.swift in Sources */ = {isa = PBXBuildFile; fileRef = C5BB86D128ACD8C1004A00CD /* UIImage+Extension.swift */; };
		C5BB86D828ACDD14004A00CD /* BabyClassifier.mlmodel in Sources */ = {isa = PBXBuildFile; fileRef = C5BB86D728ACDD14004A00CD /* BabyClassifier.mlmodel */; };
		C5BB86DA28AF6FC3004A00CD /* MyImage.swift in Sources */ = {isa = PBXBuildFile; fileRef = C5BB86D928AF6FC3004A00CD /* MyImage.swift */; };
		C5BB86DC28AF7058004A00CD /* MyImageError.swift in Sources */ = {isa = PBXBuildFile; fileRef = C5BB86DB28AF7058004A00CD /* MyImageError.swift */; };
		C5BB86DE28AF7117004A00CD /* FileManager+Extension.swift in Sources */ = {isa = PBXBuildFile; fileRef = C5BB86DD28AF7117004A00CD /* FileManager+Extension.swift */; };
		C5BB86E028AF7D00004A00CD /* ButtonLabel.swift in Sources */ = {isa = PBXBuildFile; fileRef = C5BB86DF28AF7D00004A00CD /* ButtonLabel.swift */; };
		C5BB86E228AFB37E004A00CD /* ContentView+Extension.swift in Sources */ = {isa = PBXBuildFile; fileRef = C5BB86E128AFB37E004A00CD /* ContentView+Extension.swift */; };
/* End PBXBuildFile section */

/* Begin PBXFileReference section */
		C5BB86B428ACD06A004A00CD /* BabyTriage.app */ = {isa = PBXFileReference; explicitFileType = wrapper.application; includeInIndex = 0; path = BabyTriage.app; sourceTree = BUILT_PRODUCTS_DIR; };
		C5BB86B728ACD06A004A00CD /* BabyTriageApp.swift */ = {isa = PBXFileReference; lastKnownFileType = sourcecode.swift; path = BabyTriageApp.swift; sourceTree = "<group>"; };
		C5BB86B928ACD06A004A00CD /* ContentView.swift */ = {isa = PBXFileReference; lastKnownFileType = sourcecode.swift; path = ContentView.swift; sourceTree = "<group>"; };
		C5BB86BB28ACD06C004A00CD /* Assets.xcassets */ = {isa = PBXFileReference; lastKnownFileType = folder.assetcatalog; path = Assets.xcassets; sourceTree = "<group>"; };
		C5BB86BE28ACD06C004A00CD /* Preview Assets.xcassets */ = {isa = PBXFileReference; lastKnownFileType = folder.assetcatalog; path = "Preview Assets.xcassets"; sourceTree = "<group>"; };
		C5BB86C928ACD1C8004A00CD /* ImagePicker.swift */ = {isa = PBXFileReference; lastKnownFileType = sourcecode.swift; path = ImagePicker.swift; sourceTree = "<group>"; };
		C5BB86CB28ACD22D004A00CD /* ZoomableScrollView.swift */ = {isa = PBXFileReference; lastKnownFileType = sourcecode.swift; path = ZoomableScrollView.swift; sourceTree = "<group>"; };
		C5BB86CD28ACD2ED004A00CD /* Picker.swift */ = {isa = PBXFileReference; lastKnownFileType = sourcecode.swift; path = Picker.swift; sourceTree = "<group>"; };
		C5BB86CF28ACD3A7004A00CD /* ViewModel.swift */ = {isa = PBXFileReference; lastKnownFileType = sourcecode.swift; path = ViewModel.swift; sourceTree = "<group>"; };
		C5BB86D128ACD8C1004A00CD /* UIImage+Extension.swift */ = {isa = PBXFileReference; lastKnownFileType = sourcecode.swift; path = "UIImage+Extension.swift"; sourceTree = "<group>"; };
		C5BB86D728ACDD14004A00CD /* BabyClassifier.mlmodel */ = {isa = PBXFileReference; lastKnownFileType = file.mlmodel; path = BabyClassifier.mlmodel; sourceTree = "<group>"; };
		C5BB86D928AF6FC3004A00CD /* MyImage.swift */ = {isa = PBXFileReference; lastKnownFileType = sourcecode.swift; path = MyImage.swift; sourceTree = "<group>"; };
		C5BB86DB28AF7058004A00CD /* MyImageError.swift */ = {isa = PBXFileReference; lastKnownFileType = sourcecode.swift; path = MyImageError.swift; sourceTree = "<group>"; };
		C5BB86DD28AF7117004A00CD /* FileManager+Extension.swift */ = {isa = PBXFileReference; lastKnownFileType = sourcecode.swift; path = "FileManager+Extension.swift"; sourceTree = "<group>"; };
		C5BB86DF28AF7D00004A00CD /* ButtonLabel.swift */ = {isa = PBXFileReference; lastKnownFileType = sourcecode.swift; path = ButtonLabel.swift; sourceTree = "<group>"; };
		C5BB86E128AFB37E004A00CD /* ContentView+Extension.swift */ = {isa = PBXFileReference; lastKnownFileType = sourcecode.swift; path = "ContentView+Extension.swift"; sourceTree = "<group>"; };
/* End PBXFileReference section */

/* Begin PBXFrameworksBuildPhase section */
		C5BB86B128ACD06A004A00CD /* Frameworks */ = {
			isa = PBXFrameworksBuildPhase;
			buildActionMask = 2147483647;
			files = (
			);
			runOnlyForDeploymentPostprocessing = 0;
		};
/* End PBXFrameworksBuildPhase section */

/* Begin PBXGroup section */
		C5BB86AB28ACD06A004A00CD = {
			isa = PBXGroup;
			children = (
				C5BB86B628ACD06A004A00CD /* BabyTriage */,
				C5BB86B528ACD06A004A00CD /* Products */,
			);
			sourceTree = "<group>";
		};
		C5BB86B528ACD06A004A00CD /* Products */ = {
			isa = PBXGroup;
			children = (
				C5BB86B428ACD06A004A00CD /* BabyTriage.app */,
			);
			name = Products;
			sourceTree = "<group>";
		};
		C5BB86B628ACD06A004A00CD /* BabyTriage */ = {
			isa = PBXGroup;
			children = (
				C5BB86B728ACD06A004A00CD /* BabyTriageApp.swift */,
				C5BB86DD28AF7117004A00CD /* FileManager+Extension.swift */,
				C5BB86D728ACDD14004A00CD /* BabyClassifier.mlmodel */,
				C5BB86C828ACD169004A00CD /* UIViewRepresentables */,
				C5BB86C728ACD125004A00CD /* Models */,
				C5BB86C628ACD111004A00CD /* ViewModels */,
				C5BB86C528ACD0FB004A00CD /* Views */,
				C5BB86BB28ACD06C004A00CD /* Assets.xcassets */,
				C5BB86BD28ACD06C004A00CD /* Preview Content */,
			);
			path = BabyTriage;
			sourceTree = "<group>";
		};
		C5BB86BD28ACD06C004A00CD /* Preview Content */ = {
			isa = PBXGroup;
			children = (
				C5BB86BE28ACD06C004A00CD /* Preview Assets.xcassets */,
			);
			path = "Preview Content";
			sourceTree = "<group>";
		};
		C5BB86C528ACD0FB004A00CD /* Views */ = {
			isa = PBXGroup;
			children = (
				C5BB86DF28AF7D00004A00CD /* ButtonLabel.swift */,
				C5BB86B928ACD06A004A00CD /* ContentView.swift */,
				C5BB86E128AFB37E004A00CD /* ContentView+Extension.swift */,
			);
			path = Views;
			sourceTree = "<group>";
		};
		C5BB86C628ACD111004A00CD /* ViewModels */ = {
			isa = PBXGroup;
			children = (
				C5BB86CF28ACD3A7004A00CD /* ViewModel.swift */,
			);
			path = ViewModels;
			sourceTree = "<group>";
		};
		C5BB86C728ACD125004A00CD /* Models */ = {
			isa = PBXGroup;
			children = (
				C5BB86CD28ACD2ED004A00CD /* Picker.swift */,
				C5BB86D928AF6FC3004A00CD /* MyImage.swift */,
				C5BB86DB28AF7058004A00CD /* MyImageError.swift */,
			);
			path = Models;
			sourceTree = "<group>";
		};
		C5BB86C828ACD169004A00CD /* UIViewRepresentables */ = {
			isa = PBXGroup;
			children = (
				C5BB86C928ACD1C8004A00CD /* ImagePicker.swift */,
				C5BB86CB28ACD22D004A00CD /* ZoomableScrollView.swift */,
				C5BB86D128ACD8C1004A00CD /* UIImage+Extension.swift */,
			);
			path = UIViewRepresentables;
			sourceTree = "<group>";
		};
/* End PBXGroup section */

/* Begin PBXNativeTarget section */
		C5BB86B328ACD06A004A00CD /* BabyTriage */ = {
			isa = PBXNativeTarget;
			buildConfigurationList = C5BB86C228ACD06C004A00CD /* Build configuration list for PBXNativeTarget "BabyTriage" */;
			buildPhases = (
				C5BB86B028ACD06A004A00CD /* Sources */,
				C5BB86B128ACD06A004A00CD /* Frameworks */,
				C5BB86B228ACD06A004A00CD /* Resources */,
			);
			buildRules = (
			);
			dependencies = (
			);
			name = BabyTriage;
			productName = BabyTriage;
			productReference = C5BB86B428ACD06A004A00CD /* BabyTriage.app */;
			productType = "com.apple.product-type.application";
		};
/* End PBXNativeTarget section */

/* Begin PBXProject section */
		C5BB86AC28ACD06A004A00CD /* Project object */ = {
			isa = PBXProject;
			attributes = {
				BuildIndependentTargetsInParallel = 1;
				LastSwiftUpdateCheck = 1340;
				LastUpgradeCheck = 1340;
				TargetAttributes = {
					C5BB86B328ACD06A004A00CD = {
						CreatedOnToolsVersion = 13.4.1;
					};
				};
			};
			buildConfigurationList = C5BB86AF28ACD06A004A00CD /* Build configuration list for PBXProject "BabyTriage" */;
			compatibilityVersion = "Xcode 13.0";
			developmentRegion = en;
			hasScannedForEncodings = 0;
			knownRegions = (
				en,
				Base,
			);
			mainGroup = C5BB86AB28ACD06A004A00CD;
			productRefGroup = C5BB86B528ACD06A004A00CD /* Products */;
			projectDirPath = "";
			projectRoot = "";
			targets = (
				C5BB86B328ACD06A004A00CD /* BabyTriage */,
			);
		};
/* End PBXProject section */

/* Begin PBXResourcesBuildPhase section */
		C5BB86B228ACD06A004A00CD /* Resources */ = {
			isa = PBXResourcesBuildPhase;
			buildActionMask = 2147483647;
			files = (
				C5BB86BF28ACD06C004A00CD /* Preview Assets.xcassets in Resources */,
				C5BB86BC28ACD06C004A00CD /* Assets.xcassets in Resources */,
			);
			runOnlyForDeploymentPostprocessing = 0;
		};
/* End PBXResourcesBuildPhase section */

/* Begin PBXSourcesBuildPhase section */
		C5BB86B028ACD06A004A00CD /* Sources */ = {
			isa = PBXSourcesBuildPhase;
			buildActionMask = 2147483647;
			files = (
				C5BB86E028AF7D00004A00CD /* ButtonLabel.swift in Sources */,
				C5BB86DE28AF7117004A00CD /* FileManager+Extension.swift in Sources */,
				C5BB86CA28ACD1C8004A00CD /* ImagePicker.swift in Sources */,
				C5BB86D828ACDD14004A00CD /* BabyClassifier.mlmodel in Sources */,
				C5BB86D228ACD8C1004A00CD /* UIImage+Extension.swift in Sources */,
				C5BB86BA28ACD06A004A00CD /* ContentView.swift in Sources */,
				C5BB86DA28AF6FC3004A00CD /* MyImage.swift in Sources */,
				C5BB86CC28ACD22D004A00CD /* ZoomableScrollView.swift in Sources */,
				C5BB86CE28ACD2ED004A00CD /* Picker.swift in Sources */,
				C5BB86D028ACD3A7004A00CD /* ViewModel.swift in Sources */,
				C5BB86E228AFB37E004A00CD /* ContentView+Extension.swift in Sources */,
				C5BB86DC28AF7058004A00CD /* MyImageError.swift in Sources */,
				C5BB86B828ACD06A004A00CD /* BabyTriageApp.swift in Sources */,
			);
			runOnlyForDeploymentPostprocessing = 0;
		};
/* End PBXSourcesBuildPhase section */

/* Begin XCBuildConfiguration section */
		C5BB86C028ACD06C004A00CD /* Debug */ = {
			isa = XCBuildConfiguration;
			buildSettings = {
				ALWAYS_SEARCH_USER_PATHS = NO;
				CLANG_ANALYZER_NONNULL = YES;
				CLANG_ANALYZER_NUMBER_OBJECT_CONVERSION = YES_AGGRESSIVE;
				CLANG_CXX_LANGUAGE_STANDARD = "gnu++17";
				CLANG_ENABLE_MODULES = YES;
				CLANG_ENABLE_OBJC_ARC = YES;
				CLANG_ENABLE_OBJC_WEAK = YES;
				CLANG_WARN_BLOCK_CAPTURE_AUTORELEASING = YES;
				CLANG_WARN_BOOL_CONVERSION = YES;
				CLANG_WARN_COMMA = YES;
				CLANG_WARN_CONSTANT_CONVERSION = YES;
				CLANG_WARN_DEPRECATED_OBJC_IMPLEMENTATIONS = YES;
				CLANG_WARN_DIRECT_OBJC_ISA_USAGE = YES_ERROR;
				CLANG_WARN_DOCUMENTATION_COMMENTS = YES;
				CLANG_WARN_EMPTY_BODY = YES;
				CLANG_WARN_ENUM_CONVERSION = YES;
				CLANG_WARN_INFINITE_RECURSION = YES;
				CLANG_WARN_INT_CONVERSION = YES;
				CLANG_WARN_NON_LITERAL_NULL_CONVERSION = YES;
				CLANG_WARN_OBJC_IMPLICIT_RETAIN_SELF = YES;
				CLANG_WARN_OBJC_LITERAL_CONVERSION = YES;
				CLANG_WARN_OBJC_ROOT_CLASS = YES_ERROR;
				CLANG_WARN_QUOTED_INCLUDE_IN_FRAMEWORK_HEADER = YES;
				CLANG_WARN_RANGE_LOOP_ANALYSIS = YES;
				CLANG_WARN_STRICT_PROTOTYPES = YES;
				CLANG_WARN_SUSPICIOUS_MOVE = YES;
				CLANG_WARN_UNGUARDED_AVAILABILITY = YES_AGGRESSIVE;
				CLANG_WARN_UNREACHABLE_CODE = YES;
				CLANG_WARN__DUPLICATE_METHOD_MATCH = YES;
				COPY_PHASE_STRIP = NO;
				DEBUG_INFORMATION_FORMAT = dwarf;
				ENABLE_STRICT_OBJC_MSGSEND = YES;
				ENABLE_TESTABILITY = YES;
				GCC_C_LANGUAGE_STANDARD = gnu11;
				GCC_DYNAMIC_NO_PIC = NO;
				GCC_NO_COMMON_BLOCKS = YES;
				GCC_OPTIMIZATION_LEVEL = 0;
				GCC_PREPROCESSOR_DEFINITIONS = (
					"DEBUG=1",
					"$(inherited)",
				);
				GCC_WARN_64_TO_32_BIT_CONVERSION = YES;
				GCC_WARN_ABOUT_RETURN_TYPE = YES_ERROR;
				GCC_WARN_UNDECLARED_SELECTOR = YES;
				GCC_WARN_UNINITIALIZED_AUTOS = YES_AGGRESSIVE;
				GCC_WARN_UNUSED_FUNCTION = YES;
				GCC_WARN_UNUSED_VARIABLE = YES;
				IPHONEOS_DEPLOYMENT_TARGET = 15.5;
				MTL_ENABLE_DEBUG_INFO = INCLUDE_SOURCE;
				MTL_FAST_MATH = YES;
				ONLY_ACTIVE_ARCH = YES;
				SDKROOT = iphoneos;
				SWIFT_ACTIVE_COMPILATION_CONDITIONS = DEBUG;
				SWIFT_OPTIMIZATION_LEVEL = "-Onone";
			};
			name = Debug;
		};
		C5BB86C128ACD06C004A00CD /* Release */ = {
			isa = XCBuildConfiguration;
			buildSettings = {
				ALWAYS_SEARCH_USER_PATHS = NO;
				CLANG_ANALYZER_NONNULL = YES;
				CLANG_ANALYZER_NUMBER_OBJECT_CONVERSION = YES_AGGRESSIVE;
				CLANG_CXX_LANGUAGE_STANDARD = "gnu++17";
				CLANG_ENABLE_MODULES = YES;
				CLANG_ENABLE_OBJC_ARC = YES;
				CLANG_ENABLE_OBJC_WEAK = YES;
				CLANG_WARN_BLOCK_CAPTURE_AUTORELEASING = YES;
				CLANG_WARN_BOOL_CONVERSION = YES;
				CLANG_WARN_COMMA = YES;
				CLANG_WARN_CONSTANT_CONVERSION = YES;
				CLANG_WARN_DEPRECATED_OBJC_IMPLEMENTATIONS = YES;
				CLANG_WARN_DIRECT_OBJC_ISA_USAGE = YES_ERROR;
				CLANG_WARN_DOCUMENTATION_COMMENTS = YES;
				CLANG_WARN_EMPTY_BODY = YES;
				CLANG_WARN_ENUM_CONVERSION = YES;
				CLANG_WARN_INFINITE_RECURSION = YES;
				CLANG_WARN_INT_CONVERSION = YES;
				CLANG_WARN_NON_LITERAL_NULL_CONVERSION = YES;
				CLANG_WARN_OBJC_IMPLICIT_RETAIN_SELF = YES;
				CLANG_WARN_OBJC_LITERAL_CONVERSION = YES;
				CLANG_WARN_OBJC_ROOT_CLASS = YES_ERROR;
				CLANG_WARN_QUOTED_INCLUDE_IN_FRAMEWORK_HEADER = YES;
				CLANG_WARN_RANGE_LOOP_ANALYSIS = YES;
				CLANG_WARN_STRICT_PROTOTYPES = YES;
				CLANG_WARN_SUSPICIOUS_MOVE = YES;
				CLANG_WARN_UNGUARDED_AVAILABILITY = YES_AGGRESSIVE;
				CLANG_WARN_UNREACHABLE_CODE = YES;
				CLANG_WARN__DUPLICATE_METHOD_MATCH = YES;
				COPY_PHASE_STRIP = NO;
				DEBUG_INFORMATION_FORMAT = "dwarf-with-dsym";
				ENABLE_NS_ASSERTIONS = NO;
				ENABLE_STRICT_OBJC_MSGSEND = YES;
				GCC_C_LANGUAGE_STANDARD = gnu11;
				GCC_NO_COMMON_BLOCKS = YES;
				GCC_WARN_64_TO_32_BIT_CONVERSION = YES;
				GCC_WARN_ABOUT_RETURN_TYPE = YES_ERROR;
				GCC_WARN_UNDECLARED_SELECTOR = YES;
				GCC_WARN_UNINITIALIZED_AUTOS = YES_AGGRESSIVE;
				GCC_WARN_UNUSED_FUNCTION = YES;
				GCC_WARN_UNUSED_VARIABLE = YES;
				IPHONEOS_DEPLOYMENT_TARGET = 15.5;
				MTL_ENABLE_DEBUG_INFO = NO;
				MTL_FAST_MATH = YES;
				SDKROOT = iphoneos;
				SWIFT_COMPILATION_MODE = wholemodule;
				SWIFT_OPTIMIZATION_LEVEL = "-O";
				VALIDATE_PRODUCT = YES;
			};
			name = Release;
		};
		C5BB86C328ACD06C004A00CD /* Debug */ = {
			isa = XCBuildConfiguration;
			buildSettings = {
				ASSETCATALOG_COMPILER_APPICON_NAME = AppIcon;
				ASSETCATALOG_COMPILER_GLOBAL_ACCENT_COLOR_NAME = AccentColor;
				CODE_SIGN_STYLE = Automatic;
				CURRENT_PROJECT_VERSION = 1;
				DEVELOPMENT_ASSET_PATHS = "\"BabyTriage/Preview Content\"";
				DEVELOPMENT_TEAM = F2Q2TB3BFT;
				ENABLE_PREVIEWS = YES;
				GENERATE_INFOPLIST_FILE = YES;
				INFOPLIST_KEY_NSCameraUsageDescription = "Would like to use the camera to take photos";
				INFOPLIST_KEY_UIApplicationSceneManifest_Generation = YES;
				INFOPLIST_KEY_UIApplicationSupportsIndirectInputEvents = YES;
				INFOPLIST_KEY_UILaunchScreen_Generation = YES;
				INFOPLIST_KEY_UISupportedInterfaceOrientations_iPad = "UIInterfaceOrientationPortrait UIInterfaceOrientationPortraitUpsideDown UIInterfaceOrientationLandscapeLeft UIInterfaceOrientationLandscapeRight";
				INFOPLIST_KEY_UISupportedInterfaceOrientations_iPhone = "UIInterfaceOrientationPortrait UIInterfaceOrientationLandscapeLeft UIInterfaceOrientationLandscapeRight";
				LD_RUNPATH_SEARCH_PATHS = (
					"$(inherited)",
					"@executable_path/Frameworks",
				);
				MARKETING_VERSION = 1.0;
				PRODUCT_BUNDLE_IDENTIFIER = me.jooste.pieter.BabyTriage;
				PRODUCT_NAME = "$(TARGET_NAME)";
				SWIFT_EMIT_LOC_STRINGS = YES;
				SWIFT_VERSION = 5.0;
				TARGETED_DEVICE_FAMILY = "1,2";
			};
			name = Debug;
		};
		C5BB86C428ACD06C004A00CD /* Release */ = {
			isa = XCBuildConfiguration;
			buildSettings = {
				ASSETCATALOG_COMPILER_APPICON_NAME = AppIcon;
				ASSETCATALOG_COMPILER_GLOBAL_ACCENT_COLOR_NAME = AccentColor;
				CODE_SIGN_STYLE = Automatic;
				CURRENT_PROJECT_VERSION = 1;
				DEVELOPMENT_ASSET_PATHS = "\"BabyTriage/Preview Content\"";
				DEVELOPMENT_TEAM = F2Q2TB3BFT;
				ENABLE_PREVIEWS = YES;
				GENERATE_INFOPLIST_FILE = YES;
				INFOPLIST_KEY_NSCameraUsageDescription = "Would like to use the camera to take photos";
				INFOPLIST_KEY_UIApplicationSceneManifest_Generation = YES;
				INFOPLIST_KEY_UIApplicationSupportsIndirectInputEvents = YES;
				INFOPLIST_KEY_UILaunchScreen_Generation = YES;
				INFOPLIST_KEY_UISupportedInterfaceOrientations_iPad = "UIInterfaceOrientationPortrait UIInterfaceOrientationPortraitUpsideDown UIInterfaceOrientationLandscapeLeft UIInterfaceOrientationLandscapeRight";
				INFOPLIST_KEY_UISupportedInterfaceOrientations_iPhone = "UIInterfaceOrientationPortrait UIInterfaceOrientationLandscapeLeft UIInterfaceOrientationLandscapeRight";
				LD_RUNPATH_SEARCH_PATHS = (
					"$(inherited)",
					"@executable_path/Frameworks",
				);
				MARKETING_VERSION = 1.0;
				PRODUCT_BUNDLE_IDENTIFIER = me.jooste.pieter.BabyTriage;
				PRODUCT_NAME = "$(TARGET_NAME)";
				SWIFT_EMIT_LOC_STRINGS = YES;
				SWIFT_VERSION = 5.0;
				TARGETED_DEVICE_FAMILY = "1,2";
			};
			name = Release;
		};
/* End XCBuildConfiguration section */

/* Begin XCConfigurationList section */
		C5BB86AF28ACD06A004A00CD /* Build configuration list for PBXProject "BabyTriage" */ = {
			isa = XCConfigurationList;
			buildConfigurations = (
				C5BB86C028ACD06C004A00CD /* Debug */,
				C5BB86C128ACD06C004A00CD /* Release */,
			);
			defaultConfigurationIsVisible = 0;
			defaultConfigurationName = Release;
		};
		C5BB86C228ACD06C004A00CD /* Build configuration list for PBXNativeTarget "BabyTriage" */ = {
			isa = XCConfigurationList;
			buildConfigurations = (
				C5BB86C328ACD06C004A00CD /* Debug */,
				C5BB86C428ACD06C004A00CD /* Release */,
			);
			defaultConfigurationIsVisible = 0;
			defaultConfigurationName = Release;
		};
/* End XCConfigurationList section */
	};
	rootObject = C5BB86AC28ACD06A004A00CD /* Project object */;
}
